
Microsoft Visual Studio Solution File, Format Version 12.00
# Visual Studio Version 16
VisualStudioVersion = 16.0.29409.12
MinimumVisualStudioVersion = 10.0.40219.1
Project("{FAE04EC0-301F-11D3-BF4B-00C04F79EFBC}") = "EmbeddedDemo", "EmbeddedDemo\EmbeddedDemo.csproj", "{09E883B8-60AB-4ABB-BB9C-E73BC2CAFF1D}"
EndProject
Global
	GlobalSection(SolutionConfigurationPlatforms) = preSolution
		Debug|Any CPU = Debug|Any CPU
		Release|Any CPU = Release|Any CPU
	EndGlobalSection
	GlobalSection(ProjectConfigurationPlatforms) = postSolution
		{09E883B8-60AB-4ABB-BB9C-E73BC2CAFF1D}.Debug|Any CPU.ActiveCfg = Debug|Any CPU
		{09E883B8-60AB-4ABB-BB9C-E73BC2CAFF1D}.Debug|Any CPU.Build.0 = Debug|Any CPU
		{09E883B8-60AB-4ABB-BB9C-E73BC2CAFF1D}.Release|Any CPU.ActiveCfg = Release|Any CPU
		{09E883B8-60AB-4ABB-BB9C-E73BC2CAFF1D}.Release|Any CPU.Build.0 = Release|Any CPU
	EndGlobalSection
	GlobalSection(SolutionProperties) = preSolution
		HideSolutionNode = FALSE
	EndGlobalSection
	GlobalSection(ExtensibilityGlobals) = postSolution
		SolutionGuid = {5EF87551-299D-42FF-9103-E607F83F254F}
	EndGlobalSection
EndGlobal
